
Microsoft Visual Studio Solution File, Format Version 12.00
# Visual Studio Version 17
VisualStudioVersion = 17.4.33403.182
MinimumVisualStudioVersion = 10.0.40219.1
Project("{8BC9CEB8-8B4A-11D0-8D11-00A0C91BC942}") = "Calculadora", "Calculadora\Calculadora.vcxproj", "{52AD4DD8-4A6C-451A-9FC1-38E5E087F761}"
EndProject
Global
	GlobalSection(SolutionConfigurationPlatforms) = preSolution
		Debug|x64 = Debug|x64
		Debug|x86 = Debug|x86
		Release|x64 = Release|x64
		Release|x86 = Release|x86
	EndGlobalSection
	GlobalSection(ProjectConfigurationPlatforms) = postSolution
		{52AD4DD8-4A6C-451A-9FC1-38E5E087F761}.Debug|x64.ActiveCfg = Debug|x64
		{52AD4DD8-4A6C-451A-9FC1-38E5E087F761}.Debug|x64.Build.0 = Debug|x64
		{52AD4DD8-4A6C-451A-9FC1-38E5E087F761}.Debug|x86.ActiveCfg = Debug|Win32
		{52AD4DD8-4A6C-451A-9FC1-38E5E087F761}.Debug|x86.Build.0 = Debug|Win32
		{52AD4DD8-4A6C-451A-9FC1-38E5E087F761}.Release|x64.ActiveCfg = Release|x64
		{52AD4DD8-4A6C-451A-9FC1-38E5E087F761}.Release|x64.Build.0 = Release|x64
		{52AD4DD8-4A6C-451A-9FC1-38E5E087F761}.Release|x86.ActiveCfg = Release|Win32
		{52AD4DD8-4A6C-451A-9FC1-38E5E087F761}.Release|x86.Build.0 = Release|Win32
	EndGlobalSection
	GlobalSection(SolutionProperties) = preSolution
		HideSolutionNode = FALSE
	EndGlobalSection
	GlobalSection(ExtensibilityGlobals) = postSolution
		SolutionGuid = {4E695BAF-248C-4B08-9BD4-AA3810643943}
	EndGlobalSection
EndGlobal
